// !$*UTF8*$!
{
	archiveVersion = 1;
	classes = {
	};
	objectVersion = 52;
	objects = {

/* Begin PBXBuildFile section */
		AF014A6C25ED29B2008979AC /* OverviewMap.swift in Sources */ = {isa = PBXBuildFile; fileRef = AF014A6B25ED29B2008979AC /* OverviewMap.swift */; };
		AF014A7425F1AD74008979AC /* User.swift in Sources */ = {isa = PBXBuildFile; fileRef = AF014A7325F1AD74008979AC /* User.swift */; };
		AF014A7925F3D305008979AC /* MyTrailsViewController.swift in Sources */ = {isa = PBXBuildFile; fileRef = AF014A7825F3D305008979AC /* MyTrailsViewController.swift */; };
		AF014A7E25F5B563008979AC /* OverviewMapViewController.swift in Sources */ = {isa = PBXBuildFile; fileRef = AF014A7D25F5B563008979AC /* OverviewMapViewController.swift */; };
		AF13663625DF4545006A7466 /* TrailMapView.swift in Sources */ = {isa = PBXBuildFile; fileRef = AF13663525DF4545006A7466 /* TrailMapView.swift */; };
		AF32486C25D86BAA00583BD2 /* DataLoader.swift in Sources */ = {isa = PBXBuildFile; fileRef = AF32486B25D86BA900583BD2 /* DataLoader.swift */; };
		AF32487625D8A57600583BD2 /* TrailsTableViewController.swift in Sources */ = {isa = PBXBuildFile; fileRef = AF32487525D8A57600583BD2 /* TrailsTableViewController.swift */; };
		AF4AEF3C25E9B3970005F72F /* nanopb.xcframework in Frameworks */ = {isa = PBXBuildFile; fileRef = AF4AEF3325E9B3960005F72F /* nanopb.xcframework */; };
		AF4AEF3D25E9B3970005F72F /* PromisesObjC.xcframework in Frameworks */ = {isa = PBXBuildFile; fileRef = AF4AEF3425E9B3960005F72F /* PromisesObjC.xcframework */; };
		AF4AEF3E25E9B3970005F72F /* FirebaseAnalytics.xcframework in Frameworks */ = {isa = PBXBuildFile; fileRef = AF4AEF3525E9B3960005F72F /* FirebaseAnalytics.xcframework */; };
		AF4AEF3F25E9B3970005F72F /* FirebaseCoreDiagnostics.xcframework in Frameworks */ = {isa = PBXBuildFile; fileRef = AF4AEF3625E9B3960005F72F /* FirebaseCoreDiagnostics.xcframework */; };
		AF4AEF4025E9B3970005F72F /* FirebaseInstallations.xcframework in Frameworks */ = {isa = PBXBuildFile; fileRef = AF4AEF3725E9B3960005F72F /* FirebaseInstallations.xcframework */; };
		AF4AEF4125E9B3970005F72F /* FirebaseCore.xcframework in Frameworks */ = {isa = PBXBuildFile; fileRef = AF4AEF3825E9B3960005F72F /* FirebaseCore.xcframework */; };
		AF4AEF4225E9B3970005F72F /* GoogleDataTransport.xcframework in Frameworks */ = {isa = PBXBuildFile; fileRef = AF4AEF3925E9B3960005F72F /* GoogleDataTransport.xcframework */; };
		AF4AEF4325E9B3970005F72F /* GoogleAppMeasurement.xcframework in Frameworks */ = {isa = PBXBuildFile; fileRef = AF4AEF3A25E9B3960005F72F /* GoogleAppMeasurement.xcframework */; };
		AF4AEF4425E9B3970005F72F /* GoogleUtilities.xcframework in Frameworks */ = {isa = PBXBuildFile; fileRef = AF4AEF3B25E9B3970005F72F /* GoogleUtilities.xcframework */; };
		AF4AEF4B25E9B3AC0005F72F /* FirebaseAuth.xcframework in Frameworks */ = {isa = PBXBuildFile; fileRef = AF4AEF4925E9B3AC0005F72F /* FirebaseAuth.xcframework */; };
		AF4AEF4C25E9B3AC0005F72F /* GTMSessionFetcher.xcframework in Frameworks */ = {isa = PBXBuildFile; fileRef = AF4AEF4A25E9B3AC0005F72F /* GTMSessionFetcher.xcframework */; };
		AF4AEF5325E9B3CC0005F72F /* FirebaseDatabase.xcframework in Frameworks */ = {isa = PBXBuildFile; fileRef = AF4AEF5125E9B3CC0005F72F /* FirebaseDatabase.xcframework */; };
		AF4AEF5425E9B3CC0005F72F /* leveldb-library.xcframework in Frameworks */ = {isa = PBXBuildFile; fileRef = AF4AEF5225E9B3CC0005F72F /* leveldb-library.xcframework */; };
		AF4AEF6125E9B3E40005F72F /* FirebaseFirestore.xcframework in Frameworks */ = {isa = PBXBuildFile; fileRef = AF4AEF5925E9B3E40005F72F /* FirebaseFirestore.xcframework */; };
		AF4AEF6225E9B3E50005F72F /* gRPC-Core.xcframework in Frameworks */ = {isa = PBXBuildFile; fileRef = AF4AEF5A25E9B3E40005F72F /* gRPC-Core.xcframework */; };
		AF4AEF6325E9B3E50005F72F /* gRPCCertificates-Cpp.bundle in Resources */ = {isa = PBXBuildFile; fileRef = AF4AEF5C25E9B3E40005F72F /* gRPCCertificates-Cpp.bundle */; };
		AF4AEF6425E9B3E50005F72F /* leveldb-library.xcframework in Frameworks */ = {isa = PBXBuildFile; fileRef = AF4AEF5D25E9B3E40005F72F /* leveldb-library.xcframework */; };
		AF4AEF6525E9B3E50005F72F /* gRPC-C++.xcframework in Frameworks */ = {isa = PBXBuildFile; fileRef = AF4AEF5E25E9B3E40005F72F /* gRPC-C++.xcframework */; };
		AF4AEF6625E9B3E50005F72F /* BoringSSL-GRPC.xcframework in Frameworks */ = {isa = PBXBuildFile; fileRef = AF4AEF5F25E9B3E40005F72F /* BoringSSL-GRPC.xcframework */; };
		AF4AEF6725E9B3E50005F72F /* abseil.xcframework in Frameworks */ = {isa = PBXBuildFile; fileRef = AF4AEF6025E9B3E40005F72F /* abseil.xcframework */; };
		AF4AEF7325E9B9C10005F72F /* GeneratedData.swift in Sources */ = {isa = PBXBuildFile; fileRef = AF4AEF7225E9B9C10005F72F /* GeneratedData.swift */; };
		AF4AEF7825E9BCAE0005F72F /* Utilities.swift in Sources */ = {isa = PBXBuildFile; fileRef = AF4AEF7725E9BCAE0005F72F /* Utilities.swift */; };
		AF4AEF7D25E9C2590005F72F /* Constants.swift in Sources */ = {isa = PBXBuildFile; fileRef = AF4AEF7C25E9C2590005F72F /* Constants.swift */; };
		AF4AEF9D25EBCD850005F72F /* HomeTabBarController.swift in Sources */ = {isa = PBXBuildFile; fileRef = AF4AEF9C25EBCD850005F72F /* HomeTabBarController.swift */; };
		AFA441FB25E877CA00492EB9 /* ExtraViews.storyboard in Resources */ = {isa = PBXBuildFile; fileRef = AFA441FA25E877CA00492EB9 /* ExtraViews.storyboard */; };
		AFA4420225E87AF700492EB9 /* LoginViewController.swift in Sources */ = {isa = PBXBuildFile; fileRef = AFA441FF25E87AF600492EB9 /* LoginViewController.swift */; };
		AFA4420425E87AF700492EB9 /* SignUpViewController.swift in Sources */ = {isa = PBXBuildFile; fileRef = AFA4420125E87AF700492EB9 /* SignUpViewController.swift */; };
		AFA4420A25E8808C00492EB9 /* ViewController.swift in Sources */ = {isa = PBXBuildFile; fileRef = AFA4420925E8808C00492EB9 /* ViewController.swift */; };
		C285857925C38C8D002A720C /* AppDelegate.swift in Sources */ = {isa = PBXBuildFile; fileRef = C285857825C38C8D002A720C /* AppDelegate.swift */; };
		C285857B25C38C8D002A720C /* SceneDelegate.swift in Sources */ = {isa = PBXBuildFile; fileRef = C285857A25C38C8D002A720C /* SceneDelegate.swift */; };
		C285857D25C38C8D002A720C /* mapViewController.swift in Sources */ = {isa = PBXBuildFile; fileRef = C285857C25C38C8D002A720C /* mapViewController.swift */; };
		C285858025C38C8D002A720C /* Main.storyboard in Resources */ = {isa = PBXBuildFile; fileRef = C285857E25C38C8D002A720C /* Main.storyboard */; };
		C285858225C38C92002A720C /* Assets.xcassets in Resources */ = {isa = PBXBuildFile; fileRef = C285858125C38C92002A720C /* Assets.xcassets */; };
		C285858525C38C92002A720C /* LaunchScreen.storyboard in Resources */ = {isa = PBXBuildFile; fileRef = C285858325C38C92002A720C /* LaunchScreen.storyboard */; };
		C285859025C38C93002A720C /* test_1Tests.swift in Sources */ = {isa = PBXBuildFile; fileRef = C285858F25C38C93002A720C /* test_1Tests.swift */; };
		C285859B25C38C93002A720C /* test_1UITests.swift in Sources */ = {isa = PBXBuildFile; fileRef = C285859A25C38C93002A720C /* test_1UITests.swift */; };
		E4CB640425F84BFF00FA7179 /* generated.json in Resources */ = {isa = PBXBuildFile; fileRef = E4CB640325F84BFF00FA7179 /* generated.json */; };
		E4CB640C25F84CCA00FA7179 /* generated.json in Resources */ = {isa = PBXBuildFile; fileRef = E4CB640B25F84CCA00FA7179 /* generated.json */; };
		E4CB641425F8561200FA7179 /* GoogleService-Info.plist in Resources */ = {isa = PBXBuildFile; fileRef = E4CB641325F8561100FA7179 /* GoogleService-Info.plist */; };
		E4CB641C25F85BA400FA7179 /* GoogleService-Info.plist in Resources */ = {isa = PBXBuildFile; fileRef = E4CB641B25F85BA400FA7179 /* GoogleService-Info.plist */; };
		E4CB642425F9B9AE00FA7179 /* KeychainItemStorable.swift in Sources */ = {isa = PBXBuildFile; fileRef = E4CB642325F9B9AE00FA7179 /* KeychainItemStorable.swift */; };
		E4CB642925F9BA5C00FA7179 /* UserRepository.swift in Sources */ = {isa = PBXBuildFile; fileRef = E4CB642825F9BA5C00FA7179 /* UserRepository.swift */; };
/* End PBXBuildFile section */

/* Begin PBXContainerItemProxy section */
		C285858C25C38C93002A720C /* PBXContainerItemProxy */ = {
			isa = PBXContainerItemProxy;
			containerPortal = C285856D25C38C8C002A720C /* Project object */;
			proxyType = 1;
			remoteGlobalIDString = C285857425C38C8C002A720C;
			remoteInfo = "test 1";
		};
		C285859725C38C93002A720C /* PBXContainerItemProxy */ = {
			isa = PBXContainerItemProxy;
			containerPortal = C285856D25C38C8C002A720C /* Project object */;
			proxyType = 1;
			remoteGlobalIDString = C285857425C38C8C002A720C;
			remoteInfo = "test 1";
		};
/* End PBXContainerItemProxy section */

/* Begin PBXFileReference section */
		AF014A6B25ED29B2008979AC /* OverviewMap.swift */ = {isa = PBXFileReference; lastKnownFileType = sourcecode.swift; path = OverviewMap.swift; sourceTree = "<group>"; };
		AF014A7325F1AD74008979AC /* User.swift */ = {isa = PBXFileReference; lastKnownFileType = sourcecode.swift; path = User.swift; sourceTree = "<group>"; };
		AF014A7825F3D305008979AC /* MyTrailsViewController.swift */ = {isa = PBXFileReference; lastKnownFileType = sourcecode.swift; path = MyTrailsViewController.swift; sourceTree = "<group>"; };
		AF014A7D25F5B563008979AC /* OverviewMapViewController.swift */ = {isa = PBXFileReference; lastKnownFileType = sourcecode.swift; path = OverviewMapViewController.swift; sourceTree = "<group>"; };
		AF13663525DF4545006A7466 /* TrailMapView.swift */ = {isa = PBXFileReference; lastKnownFileType = sourcecode.swift; path = TrailMapView.swift; sourceTree = "<group>"; };
		AF32486B25D86BA900583BD2 /* DataLoader.swift */ = {isa = PBXFileReference; lastKnownFileType = sourcecode.swift; path = DataLoader.swift; sourceTree = "<group>"; };
		AF32487525D8A57600583BD2 /* TrailsTableViewController.swift */ = {isa = PBXFileReference; lastKnownFileType = sourcecode.swift; path = TrailsTableViewController.swift; sourceTree = "<group>"; };
		AF4AEF3325E9B3960005F72F /* nanopb.xcframework */ = {isa = PBXFileReference; lastKnownFileType = wrapper.xcframework; path = nanopb.xcframework; sourceTree = "<group>"; };
		AF4AEF3425E9B3960005F72F /* PromisesObjC.xcframework */ = {isa = PBXFileReference; lastKnownFileType = wrapper.xcframework; path = PromisesObjC.xcframework; sourceTree = "<group>"; };
		AF4AEF3525E9B3960005F72F /* FirebaseAnalytics.xcframework */ = {isa = PBXFileReference; lastKnownFileType = wrapper.xcframework; path = FirebaseAnalytics.xcframework; sourceTree = "<group>"; };
		AF4AEF3625E9B3960005F72F /* FirebaseCoreDiagnostics.xcframework */ = {isa = PBXFileReference; lastKnownFileType = wrapper.xcframework; path = FirebaseCoreDiagnostics.xcframework; sourceTree = "<group>"; };
		AF4AEF3725E9B3960005F72F /* FirebaseInstallations.xcframework */ = {isa = PBXFileReference; lastKnownFileType = wrapper.xcframework; path = FirebaseInstallations.xcframework; sourceTree = "<group>"; };
		AF4AEF3825E9B3960005F72F /* FirebaseCore.xcframework */ = {isa = PBXFileReference; lastKnownFileType = wrapper.xcframework; path = FirebaseCore.xcframework; sourceTree = "<group>"; };
		AF4AEF3925E9B3960005F72F /* GoogleDataTransport.xcframework */ = {isa = PBXFileReference; lastKnownFileType = wrapper.xcframework; path = GoogleDataTransport.xcframework; sourceTree = "<group>"; };
		AF4AEF3A25E9B3960005F72F /* GoogleAppMeasurement.xcframework */ = {isa = PBXFileReference; lastKnownFileType = wrapper.xcframework; path = GoogleAppMeasurement.xcframework; sourceTree = "<group>"; };
		AF4AEF3B25E9B3970005F72F /* GoogleUtilities.xcframework */ = {isa = PBXFileReference; lastKnownFileType = wrapper.xcframework; path = GoogleUtilities.xcframework; sourceTree = "<group>"; };
		AF4AEF4925E9B3AC0005F72F /* FirebaseAuth.xcframework */ = {isa = PBXFileReference; lastKnownFileType = wrapper.xcframework; path = FirebaseAuth.xcframework; sourceTree = "<group>"; };
		AF4AEF4A25E9B3AC0005F72F /* GTMSessionFetcher.xcframework */ = {isa = PBXFileReference; lastKnownFileType = wrapper.xcframework; path = GTMSessionFetcher.xcframework; sourceTree = "<group>"; };
		AF4AEF5125E9B3CC0005F72F /* FirebaseDatabase.xcframework */ = {isa = PBXFileReference; lastKnownFileType = wrapper.xcframework; path = FirebaseDatabase.xcframework; sourceTree = "<group>"; };
		AF4AEF5225E9B3CC0005F72F /* leveldb-library.xcframework */ = {isa = PBXFileReference; lastKnownFileType = wrapper.xcframework; path = "leveldb-library.xcframework"; sourceTree = "<group>"; };
		AF4AEF5925E9B3E40005F72F /* FirebaseFirestore.xcframework */ = {isa = PBXFileReference; lastKnownFileType = wrapper.xcframework; path = FirebaseFirestore.xcframework; sourceTree = "<group>"; };
		AF4AEF5A25E9B3E40005F72F /* gRPC-Core.xcframework */ = {isa = PBXFileReference; lastKnownFileType = wrapper.xcframework; path = "gRPC-Core.xcframework"; sourceTree = "<group>"; };
		AF4AEF5C25E9B3E40005F72F /* gRPCCertificates-Cpp.bundle */ = {isa = PBXFileReference; lastKnownFileType = "wrapper.plug-in"; path = "gRPCCertificates-Cpp.bundle"; sourceTree = "<group>"; };
		AF4AEF5D25E9B3E40005F72F /* leveldb-library.xcframework */ = {isa = PBXFileReference; lastKnownFileType = wrapper.xcframework; path = "leveldb-library.xcframework"; sourceTree = "<group>"; };
		AF4AEF5E25E9B3E40005F72F /* gRPC-C++.xcframework */ = {isa = PBXFileReference; lastKnownFileType = wrapper.xcframework; path = "gRPC-C++.xcframework"; sourceTree = "<group>"; };
		AF4AEF5F25E9B3E40005F72F /* BoringSSL-GRPC.xcframework */ = {isa = PBXFileReference; lastKnownFileType = wrapper.xcframework; path = "BoringSSL-GRPC.xcframework"; sourceTree = "<group>"; };
		AF4AEF6025E9B3E40005F72F /* abseil.xcframework */ = {isa = PBXFileReference; lastKnownFileType = wrapper.xcframework; path = abseil.xcframework; sourceTree = "<group>"; };
		AF4AEF6C25E9B40E0005F72F /* module.modulemap */ = {isa = PBXFileReference; fileEncoding = 4; lastKnownFileType = "sourcecode.module-map"; path = module.modulemap; sourceTree = "<group>"; };
		AF4AEF6D25E9B4190005F72F /* Firebase.h */ = {isa = PBXFileReference; fileEncoding = 4; lastKnownFileType = sourcecode.c.h; path = Firebase.h; sourceTree = "<group>"; };
		AF4AEF7225E9B9C10005F72F /* GeneratedData.swift */ = {isa = PBXFileReference; lastKnownFileType = sourcecode.swift; path = GeneratedData.swift; sourceTree = "<group>"; };
		AF4AEF7725E9BCAE0005F72F /* Utilities.swift */ = {isa = PBXFileReference; fileEncoding = 4; lastKnownFileType = sourcecode.swift; path = Utilities.swift; sourceTree = "<group>"; };
		AF4AEF7C25E9C2590005F72F /* Constants.swift */ = {isa = PBXFileReference; lastKnownFileType = sourcecode.swift; path = Constants.swift; sourceTree = "<group>"; };
		AF4AEF9C25EBCD850005F72F /* HomeTabBarController.swift */ = {isa = PBXFileReference; lastKnownFileType = sourcecode.swift; path = HomeTabBarController.swift; sourceTree = "<group>"; };
		AFA441FA25E877CA00492EB9 /* ExtraViews.storyboard */ = {isa = PBXFileReference; lastKnownFileType = file.storyboard; path = ExtraViews.storyboard; sourceTree = "<group>"; };
		AFA441FF25E87AF600492EB9 /* LoginViewController.swift */ = {isa = PBXFileReference; fileEncoding = 4; lastKnownFileType = sourcecode.swift; path = LoginViewController.swift; sourceTree = "<group>"; };
		AFA4420125E87AF700492EB9 /* SignUpViewController.swift */ = {isa = PBXFileReference; fileEncoding = 4; lastKnownFileType = sourcecode.swift; path = SignUpViewController.swift; sourceTree = "<group>"; };
		AFA4420925E8808C00492EB9 /* ViewController.swift */ = {isa = PBXFileReference; lastKnownFileType = sourcecode.swift; path = ViewController.swift; sourceTree = "<group>"; };
		C285857525C38C8C002A720C /* test 1.app */ = {isa = PBXFileReference; explicitFileType = wrapper.application; includeInIndex = 0; path = "test 1.app"; sourceTree = BUILT_PRODUCTS_DIR; };
		C285857825C38C8D002A720C /* AppDelegate.swift */ = {isa = PBXFileReference; lastKnownFileType = sourcecode.swift; path = AppDelegate.swift; sourceTree = "<group>"; };
		C285857A25C38C8D002A720C /* SceneDelegate.swift */ = {isa = PBXFileReference; lastKnownFileType = sourcecode.swift; path = SceneDelegate.swift; sourceTree = "<group>"; };
		C285857C25C38C8D002A720C /* mapViewController.swift */ = {isa = PBXFileReference; lastKnownFileType = sourcecode.swift; path = mapViewController.swift; sourceTree = "<group>"; };
		C285857F25C38C8D002A720C /* Base */ = {isa = PBXFileReference; lastKnownFileType = file.storyboard; name = Base; path = Base.lproj/Main.storyboard; sourceTree = "<group>"; };
		C285858125C38C92002A720C /* Assets.xcassets */ = {isa = PBXFileReference; lastKnownFileType = folder.assetcatalog; path = Assets.xcassets; sourceTree = "<group>"; };
		C285858425C38C92002A720C /* Base */ = {isa = PBXFileReference; lastKnownFileType = file.storyboard; name = Base; path = Base.lproj/LaunchScreen.storyboard; sourceTree = "<group>"; };
		C285858625C38C92002A720C /* Info.plist */ = {isa = PBXFileReference; lastKnownFileType = text.plist.xml; path = Info.plist; sourceTree = "<group>"; };
		C285858B25C38C93002A720C /* test 1Tests.xctest */ = {isa = PBXFileReference; explicitFileType = wrapper.cfbundle; includeInIndex = 0; path = "test 1Tests.xctest"; sourceTree = BUILT_PRODUCTS_DIR; };
		C285858F25C38C93002A720C /* test_1Tests.swift */ = {isa = PBXFileReference; lastKnownFileType = sourcecode.swift; path = test_1Tests.swift; sourceTree = "<group>"; };
		C285859125C38C93002A720C /* Info.plist */ = {isa = PBXFileReference; lastKnownFileType = text.plist.xml; path = Info.plist; sourceTree = "<group>"; };
		C285859625C38C93002A720C /* test 1UITests.xctest */ = {isa = PBXFileReference; explicitFileType = wrapper.cfbundle; includeInIndex = 0; path = "test 1UITests.xctest"; sourceTree = BUILT_PRODUCTS_DIR; };
		C285859A25C38C93002A720C /* test_1UITests.swift */ = {isa = PBXFileReference; lastKnownFileType = sourcecode.swift; path = test_1UITests.swift; sourceTree = "<group>"; };
		C285859C25C38C93002A720C /* Info.plist */ = {isa = PBXFileReference; lastKnownFileType = text.plist.xml; path = Info.plist; sourceTree = "<group>"; };
		E4CB640325F84BFF00FA7179 /* generated.json */ = {isa = PBXFileReference; fileEncoding = 4; lastKnownFileType = text.json; name = generated.json; path = ../../../Desktop/generated.json; sourceTree = "<group>"; };
		E4CB640B25F84CCA00FA7179 /* generated.json */ = {isa = PBXFileReference; fileEncoding = 4; lastKnownFileType = text.json; name = generated.json; path = ../../../../Desktop/generated.json; sourceTree = "<group>"; };
		E4CB641325F8561100FA7179 /* GoogleService-Info.plist */ = {isa = PBXFileReference; fileEncoding = 4; lastKnownFileType = text.plist.xml; path = "GoogleService-Info.plist"; sourceTree = "<group>"; };
		E4CB641B25F85BA400FA7179 /* GoogleService-Info.plist */ = {isa = PBXFileReference; fileEncoding = 4; lastKnownFileType = text.plist.xml; path = "GoogleService-Info.plist"; sourceTree = "<group>"; };
		E4CB642325F9B9AE00FA7179 /* KeychainItemStorable.swift */ = {isa = PBXFileReference; lastKnownFileType = sourcecode.swift; path = KeychainItemStorable.swift; sourceTree = "<group>"; };
		E4CB642825F9BA5C00FA7179 /* UserRepository.swift */ = {isa = PBXFileReference; lastKnownFileType = sourcecode.swift; path = UserRepository.swift; sourceTree = "<group>"; };
/* End PBXFileReference section */

/* Begin PBXFrameworksBuildPhase section */
		C285857225C38C8C002A720C /* Frameworks */ = {
			isa = PBXFrameworksBuildPhase;
			buildActionMask = 2147483647;
			files = (
				AF4AEF3F25E9B3970005F72F /* FirebaseCoreDiagnostics.xcframework in Frameworks */,
				AF4AEF5325E9B3CC0005F72F /* FirebaseDatabase.xcframework in Frameworks */,
				AF4AEF6425E9B3E50005F72F /* leveldb-library.xcframework in Frameworks */,
				AF4AEF4125E9B3970005F72F /* FirebaseCore.xcframework in Frameworks */,
				AF4AEF6725E9B3E50005F72F /* abseil.xcframework in Frameworks */,
				AF4AEF4C25E9B3AC0005F72F /* GTMSessionFetcher.xcframework in Frameworks */,
				AF4AEF6525E9B3E50005F72F /* gRPC-C++.xcframework in Frameworks */,
				AF4AEF4025E9B3970005F72F /* FirebaseInstallations.xcframework in Frameworks */,
				AF4AEF6625E9B3E50005F72F /* BoringSSL-GRPC.xcframework in Frameworks */,
				AF4AEF3C25E9B3970005F72F /* nanopb.xcframework in Frameworks */,
				AF4AEF4225E9B3970005F72F /* GoogleDataTransport.xcframework in Frameworks */,
				AF4AEF4425E9B3970005F72F /* GoogleUtilities.xcframework in Frameworks */,
				AF4AEF6125E9B3E40005F72F /* FirebaseFirestore.xcframework in Frameworks */,
				AF4AEF4B25E9B3AC0005F72F /* FirebaseAuth.xcframework in Frameworks */,
				AF4AEF5425E9B3CC0005F72F /* leveldb-library.xcframework in Frameworks */,
				AF4AEF3D25E9B3970005F72F /* PromisesObjC.xcframework in Frameworks */,
				AF4AEF4325E9B3970005F72F /* GoogleAppMeasurement.xcframework in Frameworks */,
				AF4AEF3E25E9B3970005F72F /* FirebaseAnalytics.xcframework in Frameworks */,
				AF4AEF6225E9B3E50005F72F /* gRPC-Core.xcframework in Frameworks */,
			);
			runOnlyForDeploymentPostprocessing = 0;
		};
		C285858825C38C93002A720C /* Frameworks */ = {
			isa = PBXFrameworksBuildPhase;
			buildActionMask = 2147483647;
			files = (
			);
			runOnlyForDeploymentPostprocessing = 0;
		};
		C285859325C38C93002A720C /* Frameworks */ = {
			isa = PBXFrameworksBuildPhase;
			buildActionMask = 2147483647;
			files = (
			);
			runOnlyForDeploymentPostprocessing = 0;
		};
/* End PBXFrameworksBuildPhase section */

/* Begin PBXGroup section */
		AF4AEF2425E9B1AB0005F72F /* Login SignUp Screens */ = {
			isa = PBXGroup;
			children = (
				AFA4420925E8808C00492EB9 /* ViewController.swift */,
				AFA441FF25E87AF600492EB9 /* LoginViewController.swift */,
				AFA4420125E87AF700492EB9 /* SignUpViewController.swift */,
				AF4AEF9C25EBCD850005F72F /* HomeTabBarController.swift */,
			);
			path = "Login SignUp Screens";
			sourceTree = "<group>";
		};
		AF4AEF2525E9B24A0005F72F /* Helpers */ = {
			isa = PBXGroup;
			children = (
				AF4AEF7725E9BCAE0005F72F /* Utilities.swift */,
				AF4AEF7C25E9C2590005F72F /* Constants.swift */,
				E4CB642325F9B9AE00FA7179 /* KeychainItemStorable.swift */,
				E4CB642825F9BA5C00FA7179 /* UserRepository.swift */,
			);
			path = Helpers;
			sourceTree = "<group>";
		};
		AF4AEF2625E9B2550005F72F /* Firebase */ = {
			isa = PBXGroup;
			children = (
				AF4AEF6D25E9B4190005F72F /* Firebase.h */,
				AF4AEF6C25E9B40E0005F72F /* module.modulemap */,
				AF4AEF5825E9B3E40005F72F /* FirebaseFirestore */,
				AF4AEF5025E9B3CC0005F72F /* FirebaseDatabase */,
				AF4AEF4825E9B3AC0005F72F /* FirebaseAuth */,
				AF4AEF3225E9B3960005F72F /* FirebaseAnalytics */,
			);
			path = Firebase;
			sourceTree = "<group>";
		};
		AF4AEF2725E9B2610005F72F /* Trail List Screens */ = {
			isa = PBXGroup;
			children = (
				C285857E25C38C8D002A720C /* Main.storyboard */,
				E4CB640B25F84CCA00FA7179 /* generated.json */,
				AF13663525DF4545006A7466 /* TrailMapView.swift */,
				AF32487525D8A57600583BD2 /* TrailsTableViewController.swift */,
			);
			path = "Trail List Screens";
			sourceTree = "<group>";
		};
		AF4AEF3225E9B3960005F72F /* FirebaseAnalytics */ = {
			isa = PBXGroup;
			children = (
				AF4AEF3325E9B3960005F72F /* nanopb.xcframework */,
				AF4AEF3425E9B3960005F72F /* PromisesObjC.xcframework */,
				AF4AEF3525E9B3960005F72F /* FirebaseAnalytics.xcframework */,
				AF4AEF3625E9B3960005F72F /* FirebaseCoreDiagnostics.xcframework */,
				AF4AEF3725E9B3960005F72F /* FirebaseInstallations.xcframework */,
				AF4AEF3825E9B3960005F72F /* FirebaseCore.xcframework */,
				AF4AEF3925E9B3960005F72F /* GoogleDataTransport.xcframework */,
				AF4AEF3A25E9B3960005F72F /* GoogleAppMeasurement.xcframework */,
				AF4AEF3B25E9B3970005F72F /* GoogleUtilities.xcframework */,
			);
			path = FirebaseAnalytics;
			sourceTree = "<group>";
		};
		AF4AEF4825E9B3AC0005F72F /* FirebaseAuth */ = {
			isa = PBXGroup;
			children = (
				AF4AEF4925E9B3AC0005F72F /* FirebaseAuth.xcframework */,
				AF4AEF4A25E9B3AC0005F72F /* GTMSessionFetcher.xcframework */,
			);
			path = FirebaseAuth;
			sourceTree = "<group>";
		};
		AF4AEF5025E9B3CC0005F72F /* FirebaseDatabase */ = {
			isa = PBXGroup;
			children = (
				AF4AEF5125E9B3CC0005F72F /* FirebaseDatabase.xcframework */,
				AF4AEF5225E9B3CC0005F72F /* leveldb-library.xcframework */,
			);
			path = FirebaseDatabase;
			sourceTree = "<group>";
		};
		AF4AEF5825E9B3E40005F72F /* FirebaseFirestore */ = {
			isa = PBXGroup;
			children = (
				AF4AEF5925E9B3E40005F72F /* FirebaseFirestore.xcframework */,
				AF4AEF5A25E9B3E40005F72F /* gRPC-Core.xcframework */,
				AF4AEF5B25E9B3E40005F72F /* Resources */,
				AF4AEF5D25E9B3E40005F72F /* leveldb-library.xcframework */,
				AF4AEF5E25E9B3E40005F72F /* gRPC-C++.xcframework */,
				AF4AEF5F25E9B3E40005F72F /* BoringSSL-GRPC.xcframework */,
				AF4AEF6025E9B3E40005F72F /* abseil.xcframework */,
			);
			path = FirebaseFirestore;
			sourceTree = "<group>";
		};
		AF4AEF5B25E9B3E40005F72F /* Resources */ = {
			isa = PBXGroup;
			children = (
				AF4AEF5C25E9B3E40005F72F /* gRPCCertificates-Cpp.bundle */,
			);
			path = Resources;
			sourceTree = "<group>";
		};
		C285856C25C38C8C002A720C = {
			isa = PBXGroup;
			children = (
				C285857725C38C8C002A720C /* test 1 */,
				C285858E25C38C93002A720C /* test 1Tests */,
				C285859925C38C93002A720C /* test 1UITests */,
				C285857625C38C8C002A720C /* Products */,
			);
			sourceTree = "<group>";
		};
		C285857625C38C8C002A720C /* Products */ = {
			isa = PBXGroup;
			children = (
				C285857525C38C8C002A720C /* test 1.app */,
				C285858B25C38C93002A720C /* test 1Tests.xctest */,
				C285859625C38C93002A720C /* test 1UITests.xctest */,
			);
			name = Products;
			sourceTree = "<group>";
		};
		C285857725C38C8C002A720C /* test 1 */ = {
			isa = PBXGroup;
			children = (
				AF4AEF2625E9B2550005F72F /* Firebase */,
				AF4AEF2525E9B24A0005F72F /* Helpers */,
				AF4AEF2725E9B2610005F72F /* Trail List Screens */,
				AF4AEF2425E9B1AB0005F72F /* Login SignUp Screens */,
				AF014A6B25ED29B2008979AC /* OverviewMap.swift */,
				C285857825C38C8D002A720C /* AppDelegate.swift */,
				C285857A25C38C8D002A720C /* SceneDelegate.swift */,
				C285858625C38C92002A720C /* Info.plist */,
				E4CB641325F8561100FA7179 /* GoogleService-Info.plist */,
				E4CB641B25F85BA400FA7179 /* GoogleService-Info.plist */,
				C285858125C38C92002A720C /* Assets.xcassets */,
				E4CB640325F84BFF00FA7179 /* generated.json */,
				AFA441FA25E877CA00492EB9 /* ExtraViews.storyboard */,
				C285858325C38C92002A720C /* LaunchScreen.storyboard */,
				C285857C25C38C8D002A720C /* mapViewController.swift */,
				AF32486B25D86BA900583BD2 /* DataLoader.swift */,
				AF4AEF7225E9B9C10005F72F /* GeneratedData.swift */,
				AF014A7325F1AD74008979AC /* User.swift */,
				AF014A7825F3D305008979AC /* MyTrailsViewController.swift */,
				AF014A7D25F5B563008979AC /* OverviewMapViewController.swift */,
			);
			path = "test 1";
			sourceTree = "<group>";
		};
		C285858E25C38C93002A720C /* test 1Tests */ = {
			isa = PBXGroup;
			children = (
				C285858F25C38C93002A720C /* test_1Tests.swift */,
				C285859125C38C93002A720C /* Info.plist */,
			);
			path = "test 1Tests";
			sourceTree = "<group>";
		};
		C285859925C38C93002A720C /* test 1UITests */ = {
			isa = PBXGroup;
			children = (
				C285859A25C38C93002A720C /* test_1UITests.swift */,
				C285859C25C38C93002A720C /* Info.plist */,
			);
			path = "test 1UITests";
			sourceTree = "<group>";
		};
/* End PBXGroup section */

/* Begin PBXNativeTarget section */
		C285857425C38C8C002A720C /* test 1 */ = {
			isa = PBXNativeTarget;
			buildConfigurationList = C285859F25C38C93002A720C /* Build configuration list for PBXNativeTarget "test 1" */;
			buildPhases = (
				C285857125C38C8C002A720C /* Sources */,
				C285857225C38C8C002A720C /* Frameworks */,
				C285857325C38C8C002A720C /* Resources */,
			);
			buildRules = (
			);
			dependencies = (
			);
			name = "test 1";
			productName = "test 1";
			productReference = C285857525C38C8C002A720C /* test 1.app */;
			productType = "com.apple.product-type.application";
		};
		C285858A25C38C93002A720C /* test 1Tests */ = {
			isa = PBXNativeTarget;
			buildConfigurationList = C28585A225C38C93002A720C /* Build configuration list for PBXNativeTarget "test 1Tests" */;
			buildPhases = (
				C285858725C38C93002A720C /* Sources */,
				C285858825C38C93002A720C /* Frameworks */,
				C285858925C38C93002A720C /* Resources */,
			);
			buildRules = (
			);
			dependencies = (
				C285858D25C38C93002A720C /* PBXTargetDependency */,
			);
			name = "test 1Tests";
			productName = "test 1Tests";
			productReference = C285858B25C38C93002A720C /* test 1Tests.xctest */;
			productType = "com.apple.product-type.bundle.unit-test";
		};
		C285859525C38C93002A720C /* test 1UITests */ = {
			isa = PBXNativeTarget;
			buildConfigurationList = C28585A525C38C93002A720C /* Build configuration list for PBXNativeTarget "test 1UITests" */;
			buildPhases = (
				C285859225C38C93002A720C /* Sources */,
				C285859325C38C93002A720C /* Frameworks */,
				C285859425C38C93002A720C /* Resources */,
			);
			buildRules = (
			);
			dependencies = (
				C285859825C38C93002A720C /* PBXTargetDependency */,
			);
			name = "test 1UITests";
			productName = "test 1UITests";
			productReference = C285859625C38C93002A720C /* test 1UITests.xctest */;
			productType = "com.apple.product-type.bundle.ui-testing";
		};
/* End PBXNativeTarget section */

/* Begin PBXProject section */
		C285856D25C38C8C002A720C /* Project object */ = {
			isa = PBXProject;
			attributes = {
				LastSwiftUpdateCheck = 1240;
				LastUpgradeCheck = 1240;
				TargetAttributes = {
					C285857425C38C8C002A720C = {
						CreatedOnToolsVersion = 12.4;
					};
					C285858A25C38C93002A720C = {
						CreatedOnToolsVersion = 12.4;
						TestTargetID = C285857425C38C8C002A720C;
					};
					C285859525C38C93002A720C = {
						CreatedOnToolsVersion = 12.4;
						TestTargetID = C285857425C38C8C002A720C;
					};
				};
			};
			buildConfigurationList = C285857025C38C8C002A720C /* Build configuration list for PBXProject "test 1" */;
			compatibilityVersion = "Xcode 9.3";
			developmentRegion = en;
			hasScannedForEncodings = 0;
			knownRegions = (
				en,
				Base,
			);
			mainGroup = C285856C25C38C8C002A720C;
			productRefGroup = C285857625C38C8C002A720C /* Products */;
			projectDirPath = "";
			projectRoot = "";
			targets = (
				C285857425C38C8C002A720C /* test 1 */,
				C285858A25C38C93002A720C /* test 1Tests */,
				C285859525C38C93002A720C /* test 1UITests */,
			);
		};
/* End PBXProject section */

/* Begin PBXResourcesBuildPhase section */
		C285857325C38C8C002A720C /* Resources */ = {
			isa = PBXResourcesBuildPhase;
			buildActionMask = 2147483647;
			files = (
				C285858525C38C92002A720C /* LaunchScreen.storyboard in Resources */,
				AF4AEF6325E9B3E50005F72F /* gRPCCertificates-Cpp.bundle in Resources */,
				E4CB641C25F85BA400FA7179 /* GoogleService-Info.plist in Resources */,
				E4CB641425F8561200FA7179 /* GoogleService-Info.plist in Resources */,
				E4CB640425F84BFF00FA7179 /* generated.json in Resources */,
				C285858225C38C92002A720C /* Assets.xcassets in Resources */,
				AFA441FB25E877CA00492EB9 /* ExtraViews.storyboard in Resources */,
				E4CB640C25F84CCA00FA7179 /* generated.json in Resources */,
				C285858025C38C8D002A720C /* Main.storyboard in Resources */,
			);
			runOnlyForDeploymentPostprocessing = 0;
		};
		C285858925C38C93002A720C /* Resources */ = {
			isa = PBXResourcesBuildPhase;
			buildActionMask = 2147483647;
			files = (
			);
			runOnlyForDeploymentPostprocessing = 0;
		};
		C285859425C38C93002A720C /* Resources */ = {
			isa = PBXResourcesBuildPhase;
			buildActionMask = 2147483647;
			files = (
			);
			runOnlyForDeploymentPostprocessing = 0;
		};
/* End PBXResourcesBuildPhase section */

/* Begin PBXSourcesBuildPhase section */
		C285857125C38C8C002A720C /* Sources */ = {
			isa = PBXSourcesBuildPhase;
			buildActionMask = 2147483647;
			files = (
				C285857D25C38C8D002A720C /* mapViewController.swift in Sources */,
				AF32486C25D86BAA00583BD2 /* DataLoader.swift in Sources */,
				AF4AEF7825E9BCAE0005F72F /* Utilities.swift in Sources */,
				AF014A6C25ED29B2008979AC /* OverviewMap.swift in Sources */,
				AF014A7E25F5B563008979AC /* OverviewMapViewController.swift in Sources */,
				AFA4420A25E8808C00492EB9 /* ViewController.swift in Sources */,
				AF4AEF9D25EBCD850005F72F /* HomeTabBarController.swift in Sources */,
				AF13663625DF4545006A7466 /* TrailMapView.swift in Sources */,
				C285857925C38C8D002A720C /* AppDelegate.swift in Sources */,
				AF014A7425F1AD74008979AC /* User.swift in Sources */,
				C285857B25C38C8D002A720C /* SceneDelegate.swift in Sources */,
				AF32487625D8A57600583BD2 /* TrailsTableViewController.swift in Sources */,
				AF014A7925F3D305008979AC /* MyTrailsViewController.swift in Sources */,
				AF4AEF7325E9B9C10005F72F /* GeneratedData.swift in Sources */,
				AFA4420425E87AF700492EB9 /* SignUpViewController.swift in Sources */,
				AFA4420225E87AF700492EB9 /* LoginViewController.swift in Sources */,
				E4CB642425F9B9AE00FA7179 /* KeychainItemStorable.swift in Sources */,
				E4CB642925F9BA5C00FA7179 /* UserRepository.swift in Sources */,
				AF4AEF7D25E9C2590005F72F /* Constants.swift in Sources */,
			);
			runOnlyForDeploymentPostprocessing = 0;
		};
		C285858725C38C93002A720C /* Sources */ = {
			isa = PBXSourcesBuildPhase;
			buildActionMask = 2147483647;
			files = (
				C285859025C38C93002A720C /* test_1Tests.swift in Sources */,
			);
			runOnlyForDeploymentPostprocessing = 0;
		};
		C285859225C38C93002A720C /* Sources */ = {
			isa = PBXSourcesBuildPhase;
			buildActionMask = 2147483647;
			files = (
				C285859B25C38C93002A720C /* test_1UITests.swift in Sources */,
			);
			runOnlyForDeploymentPostprocessing = 0;
		};
/* End PBXSourcesBuildPhase section */

/* Begin PBXTargetDependency section */
		C285858D25C38C93002A720C /* PBXTargetDependency */ = {
			isa = PBXTargetDependency;
			target = C285857425C38C8C002A720C /* test 1 */;
			targetProxy = C285858C25C38C93002A720C /* PBXContainerItemProxy */;
		};
		C285859825C38C93002A720C /* PBXTargetDependency */ = {
			isa = PBXTargetDependency;
			target = C285857425C38C8C002A720C /* test 1 */;
			targetProxy = C285859725C38C93002A720C /* PBXContainerItemProxy */;
		};
/* End PBXTargetDependency section */

/* Begin PBXVariantGroup section */
		C285857E25C38C8D002A720C /* Main.storyboard */ = {
			isa = PBXVariantGroup;
			children = (
				C285857F25C38C8D002A720C /* Base */,
			);
			name = Main.storyboard;
			sourceTree = "<group>";
		};
		C285858325C38C92002A720C /* LaunchScreen.storyboard */ = {
			isa = PBXVariantGroup;
			children = (
				C285858425C38C92002A720C /* Base */,
			);
			name = LaunchScreen.storyboard;
			sourceTree = "<group>";
		};
/* End PBXVariantGroup section */

/* Begin XCBuildConfiguration section */
		C285859D25C38C93002A720C /* Debug */ = {
			isa = XCBuildConfiguration;
			buildSettings = {
				ALWAYS_SEARCH_USER_PATHS = NO;
				CLANG_ANALYZER_NONNULL = YES;
				CLANG_ANALYZER_NUMBER_OBJECT_CONVERSION = YES_AGGRESSIVE;
				CLANG_CXX_LANGUAGE_STANDARD = "gnu++14";
				CLANG_CXX_LIBRARY = "libc++";
				CLANG_ENABLE_MODULES = YES;
				CLANG_ENABLE_OBJC_ARC = YES;
				CLANG_ENABLE_OBJC_WEAK = YES;
				CLANG_WARN_BLOCK_CAPTURE_AUTORELEASING = YES;
				CLANG_WARN_BOOL_CONVERSION = YES;
				CLANG_WARN_COMMA = YES;
				CLANG_WARN_CONSTANT_CONVERSION = YES;
				CLANG_WARN_DEPRECATED_OBJC_IMPLEMENTATIONS = YES;
				CLANG_WARN_DIRECT_OBJC_ISA_USAGE = YES_ERROR;
				CLANG_WARN_DOCUMENTATION_COMMENTS = YES;
				CLANG_WARN_EMPTY_BODY = YES;
				CLANG_WARN_ENUM_CONVERSION = YES;
				CLANG_WARN_INFINITE_RECURSION = YES;
				CLANG_WARN_INT_CONVERSION = YES;
				CLANG_WARN_NON_LITERAL_NULL_CONVERSION = YES;
				CLANG_WARN_OBJC_IMPLICIT_RETAIN_SELF = YES;
				CLANG_WARN_OBJC_LITERAL_CONVERSION = YES;
				CLANG_WARN_OBJC_ROOT_CLASS = YES_ERROR;
				CLANG_WARN_QUOTED_INCLUDE_IN_FRAMEWORK_HEADER = YES;
				CLANG_WARN_RANGE_LOOP_ANALYSIS = YES;
				CLANG_WARN_STRICT_PROTOTYPES = YES;
				CLANG_WARN_SUSPICIOUS_MOVE = YES;
				CLANG_WARN_UNGUARDED_AVAILABILITY = YES_AGGRESSIVE;
				CLANG_WARN_UNREACHABLE_CODE = YES;
				CLANG_WARN__DUPLICATE_METHOD_MATCH = YES;
				COPY_PHASE_STRIP = NO;
				DEBUG_INFORMATION_FORMAT = dwarf;
				ENABLE_STRICT_OBJC_MSGSEND = YES;
				ENABLE_TESTABILITY = YES;
				GCC_C_LANGUAGE_STANDARD = gnu11;
				GCC_DYNAMIC_NO_PIC = NO;
				GCC_NO_COMMON_BLOCKS = YES;
				GCC_OPTIMIZATION_LEVEL = 0;
				GCC_PREPROCESSOR_DEFINITIONS = (
					"DEBUG=1",
					"$(inherited)",
				);
				GCC_WARN_64_TO_32_BIT_CONVERSION = YES;
				GCC_WARN_ABOUT_RETURN_TYPE = YES_ERROR;
				GCC_WARN_UNDECLARED_SELECTOR = YES;
				GCC_WARN_UNINITIALIZED_AUTOS = YES_AGGRESSIVE;
				GCC_WARN_UNUSED_FUNCTION = YES;
				GCC_WARN_UNUSED_VARIABLE = YES;
				IPHONEOS_DEPLOYMENT_TARGET = 14.4;
				MTL_ENABLE_DEBUG_INFO = INCLUDE_SOURCE;
				MTL_FAST_MATH = YES;
				ONLY_ACTIVE_ARCH = YES;
				SDKROOT = iphoneos;
				SWIFT_ACTIVE_COMPILATION_CONDITIONS = DEBUG;
				SWIFT_OPTIMIZATION_LEVEL = "-Onone";
			};
			name = Debug;
		};
		C285859E25C38C93002A720C /* Release */ = {
			isa = XCBuildConfiguration;
			buildSettings = {
				ALWAYS_SEARCH_USER_PATHS = NO;
				CLANG_ANALYZER_NONNULL = YES;
				CLANG_ANALYZER_NUMBER_OBJECT_CONVERSION = YES_AGGRESSIVE;
				CLANG_CXX_LANGUAGE_STANDARD = "gnu++14";
				CLANG_CXX_LIBRARY = "libc++";
				CLANG_ENABLE_MODULES = YES;
				CLANG_ENABLE_OBJC_ARC = YES;
				CLANG_ENABLE_OBJC_WEAK = YES;
				CLANG_WARN_BLOCK_CAPTURE_AUTORELEASING = YES;
				CLANG_WARN_BOOL_CONVERSION = YES;
				CLANG_WARN_COMMA = YES;
				CLANG_WARN_CONSTANT_CONVERSION = YES;
				CLANG_WARN_DEPRECATED_OBJC_IMPLEMENTATIONS = YES;
				CLANG_WARN_DIRECT_OBJC_ISA_USAGE = YES_ERROR;
				CLANG_WARN_DOCUMENTATION_COMMENTS = YES;
				CLANG_WARN_EMPTY_BODY = YES;
				CLANG_WARN_ENUM_CONVERSION = YES;
				CLANG_WARN_INFINITE_RECURSION = YES;
				CLANG_WARN_INT_CONVERSION = YES;
				CLANG_WARN_NON_LITERAL_NULL_CONVERSION = YES;
				CLANG_WARN_OBJC_IMPLICIT_RETAIN_SELF = YES;
				CLANG_WARN_OBJC_LITERAL_CONVERSION = YES;
				CLANG_WARN_OBJC_ROOT_CLASS = YES_ERROR;
				CLANG_WARN_QUOTED_INCLUDE_IN_FRAMEWORK_HEADER = YES;
				CLANG_WARN_RANGE_LOOP_ANALYSIS = YES;
				CLANG_WARN_STRICT_PROTOTYPES = YES;
				CLANG_WARN_SUSPICIOUS_MOVE = YES;
				CLANG_WARN_UNGUARDED_AVAILABILITY = YES_AGGRESSIVE;
				CLANG_WARN_UNREACHABLE_CODE = YES;
				CLANG_WARN__DUPLICATE_METHOD_MATCH = YES;
				COPY_PHASE_STRIP = NO;
				DEBUG_INFORMATION_FORMAT = "dwarf-with-dsym";
				ENABLE_NS_ASSERTIONS = NO;
				ENABLE_STRICT_OBJC_MSGSEND = YES;
				GCC_C_LANGUAGE_STANDARD = gnu11;
				GCC_NO_COMMON_BLOCKS = YES;
				GCC_WARN_64_TO_32_BIT_CONVERSION = YES;
				GCC_WARN_ABOUT_RETURN_TYPE = YES_ERROR;
				GCC_WARN_UNDECLARED_SELECTOR = YES;
				GCC_WARN_UNINITIALIZED_AUTOS = YES_AGGRESSIVE;
				GCC_WARN_UNUSED_FUNCTION = YES;
				GCC_WARN_UNUSED_VARIABLE = YES;
				IPHONEOS_DEPLOYMENT_TARGET = 14.4;
				MTL_ENABLE_DEBUG_INFO = NO;
				MTL_FAST_MATH = YES;
				SDKROOT = iphoneos;
				SWIFT_COMPILATION_MODE = wholemodule;
				SWIFT_OPTIMIZATION_LEVEL = "-O";
				VALIDATE_PRODUCT = YES;
			};
			name = Release;
		};
		C28585A025C38C93002A720C /* Debug */ = {
			isa = XCBuildConfiguration;
			buildSettings = {
				ASSETCATALOG_COMPILER_APPICON_NAME = AppIcon;
				ASSETCATALOG_COMPILER_GLOBAL_ACCENT_COLOR_NAME = AccentColor;
				CODE_SIGN_STYLE = Automatic;
				INFOPLIST_FILE = "test 1/Info.plist";
				IPHONEOS_DEPLOYMENT_TARGET = 14.4;
				LD_RUNPATH_SEARCH_PATHS = (
					"$(inherited)",
					"@executable_path/Frameworks",
				);
				OTHER_LDFLAGS = "-ObjC";
				PRODUCT_BUNDLE_IDENTIFIER = "com.LOLHS.test-1";
				PRODUCT_NAME = "$(TARGET_NAME)";
				SWIFT_VERSION = 5.0;
				TARGETED_DEVICE_FAMILY = "1,2";
			};
			name = Debug;
		};
		C28585A125C38C93002A720C /* Release */ = {
			isa = XCBuildConfiguration;
			buildSettings = {
				ASSETCATALOG_COMPILER_APPICON_NAME = AppIcon;
				ASSETCATALOG_COMPILER_GLOBAL_ACCENT_COLOR_NAME = AccentColor;
				CODE_SIGN_STYLE = Automatic;
				INFOPLIST_FILE = "test 1/Info.plist";
				IPHONEOS_DEPLOYMENT_TARGET = 14.4;
				LD_RUNPATH_SEARCH_PATHS = (
					"$(inherited)",
					"@executable_path/Frameworks",
				);
				OTHER_LDFLAGS = "-ObjC";
				PRODUCT_BUNDLE_IDENTIFIER = "com.LOLHS.test-1";
				PRODUCT_NAME = "$(TARGET_NAME)";
				SWIFT_VERSION = 5.0;
				TARGETED_DEVICE_FAMILY = "1,2";
			};
			name = Release;
		};
		C28585A325C38C93002A720C /* Debug */ = {
			isa = XCBuildConfiguration;
			buildSettings = {
				ALWAYS_EMBED_SWIFT_STANDARD_LIBRARIES = YES;
				BUNDLE_LOADER = "$(TEST_HOST)";
				CODE_SIGN_STYLE = Automatic;
				INFOPLIST_FILE = "test 1Tests/Info.plist";
				IPHONEOS_DEPLOYMENT_TARGET = 14.4;
				LD_RUNPATH_SEARCH_PATHS = (
					"$(inherited)",
					"@executable_path/Frameworks",
					"@loader_path/Frameworks",
				);
				PRODUCT_BUNDLE_IDENTIFIER = "Practice.test-1Tests";
				PRODUCT_NAME = "$(TARGET_NAME)";
				SWIFT_VERSION = 5.0;
				TARGETED_DEVICE_FAMILY = "1,2";
				TEST_HOST = "$(BUILT_PRODUCTS_DIR)/test 1.app/test 1";
			};
			name = Debug;
		};
		C28585A425C38C93002A720C /* Release */ = {
			isa = XCBuildConfiguration;
			buildSettings = {
				ALWAYS_EMBED_SWIFT_STANDARD_LIBRARIES = YES;
				BUNDLE_LOADER = "$(TEST_HOST)";
				CODE_SIGN_STYLE = Automatic;
				INFOPLIST_FILE = "test 1Tests/Info.plist";
				IPHONEOS_DEPLOYMENT_TARGET = 14.4;
				LD_RUNPATH_SEARCH_PATHS = (
					"$(inherited)",
					"@executable_path/Frameworks",
					"@loader_path/Frameworks",
				);
				PRODUCT_BUNDLE_IDENTIFIER = "Practice.test-1Tests";
				PRODUCT_NAME = "$(TARGET_NAME)";
				SWIFT_VERSION = 5.0;
				TARGETED_DEVICE_FAMILY = "1,2";
				TEST_HOST = "$(BUILT_PRODUCTS_DIR)/test 1.app/test 1";
			};
			name = Release;
		};
		C28585A625C38C93002A720C /* Debug */ = {
			isa = XCBuildConfiguration;
			buildSettings = {
				ALWAYS_EMBED_SWIFT_STANDARD_LIBRARIES = YES;
				CODE_SIGN_STYLE = Automatic;
				INFOPLIST_FILE = "test 1UITests/Info.plist";
				LD_RUNPATH_SEARCH_PATHS = (
					"$(inherited)",
					"@executable_path/Frameworks",
					"@loader_path/Frameworks",
				);
				PRODUCT_BUNDLE_IDENTIFIER = "Practice.test-1UITests";
				PRODUCT_NAME = "$(TARGET_NAME)";
				SWIFT_VERSION = 5.0;
				TARGETED_DEVICE_FAMILY = "1,2";
				TEST_TARGET_NAME = "test 1";
			};
			name = Debug;
		};
		C28585A725C38C93002A720C /* Release */ = {
			isa = XCBuildConfiguration;
			buildSettings = {
				ALWAYS_EMBED_SWIFT_STANDARD_LIBRARIES = YES;
				CODE_SIGN_STYLE = Automatic;
				INFOPLIST_FILE = "test 1UITests/Info.plist";
				LD_RUNPATH_SEARCH_PATHS = (
					"$(inherited)",
					"@executable_path/Frameworks",
					"@loader_path/Frameworks",
				);
				PRODUCT_BUNDLE_IDENTIFIER = "Practice.test-1UITests";
				PRODUCT_NAME = "$(TARGET_NAME)";
				SWIFT_VERSION = 5.0;
				TARGETED_DEVICE_FAMILY = "1,2";
				TEST_TARGET_NAME = "test 1";
			};
			name = Release;
		};
/* End XCBuildConfiguration section */

/* Begin XCConfigurationList section */
		C285857025C38C8C002A720C /* Build configuration list for PBXProject "test 1" */ = {
			isa = XCConfigurationList;
			buildConfigurations = (
				C285859D25C38C93002A720C /* Debug */,
				C285859E25C38C93002A720C /* Release */,
			);
			defaultConfigurationIsVisible = 0;
			defaultConfigurationName = Release;
		};
		C285859F25C38C93002A720C /* Build configuration list for PBXNativeTarget "test 1" */ = {
			isa = XCConfigurationList;
			buildConfigurations = (
				C28585A025C38C93002A720C /* Debug */,
				C28585A125C38C93002A720C /* Release */,
			);
			defaultConfigurationIsVisible = 0;
			defaultConfigurationName = Release;
		};
		C28585A225C38C93002A720C /* Build configuration list for PBXNativeTarget "test 1Tests" */ = {
			isa = XCConfigurationList;
			buildConfigurations = (
				C28585A325C38C93002A720C /* Debug */,
				C28585A425C38C93002A720C /* Release */,
			);
			defaultConfigurationIsVisible = 0;
			defaultConfigurationName = Release;
		};
		C28585A525C38C93002A720C /* Build configuration list for PBXNativeTarget "test 1UITests" */ = {
			isa = XCConfigurationList;
			buildConfigurations = (
				C28585A625C38C93002A720C /* Debug */,
				C28585A725C38C93002A720C /* Release */,
			);
			defaultConfigurationIsVisible = 0;
			defaultConfigurationName = Release;
		};
/* End XCConfigurationList section */
	};
	rootObject = C285856D25C38C8C002A720C /* Project object */;
}
